// !$*UTF8*$!
{
	archiveVersion = 1;
	classes = {
	};
	objectVersion = 55;
	objects = {

/* Begin PBXBuildFile section */
		A8566EF127A3A7C400672B73 /* FetchFeature in Frameworks */ = {isa = PBXBuildFile; productRef = A8566EF027A3A7C400672B73 /* FetchFeature */; };
		A8566EF327A3A7C400672B73 /* VisitFeature in Frameworks */ = {isa = PBXBuildFile; productRef = A8566EF227A3A7C400672B73 /* VisitFeature */; };
		A8682D35278FBF0500FC4988 /* ViewModel.swift in Sources */ = {isa = PBXBuildFile; fileRef = A8682D34278FBF0500FC4988 /* ViewModel.swift */; };
		A8696E71278E99440027FFC2 /* MultiTargetSPMSampleApp.swift in Sources */ = {isa = PBXBuildFile; fileRef = A8696E70278E99440027FFC2 /* MultiTargetSPMSampleApp.swift */; };
		A8696E73278E99440027FFC2 /* ContentView.swift in Sources */ = {isa = PBXBuildFile; fileRef = A8696E72278E99440027FFC2 /* ContentView.swift */; };
		A8696E75278E99450027FFC2 /* Assets.xcassets in Resources */ = {isa = PBXBuildFile; fileRef = A8696E74278E99450027FFC2 /* Assets.xcassets */; };
		A8696E78278E99450027FFC2 /* Preview Assets.xcassets in Resources */ = {isa = PBXBuildFile; fileRef = A8696E77278E99450027FFC2 /* Preview Assets.xcassets */; };
/* End PBXBuildFile section */

/* Begin PBXFileReference section */
		A8682D34278FBF0500FC4988 /* ViewModel.swift */ = {isa = PBXFileReference; lastKnownFileType = sourcecode.swift; path = ViewModel.swift; sourceTree = "<group>"; };
		A8696E6D278E99440027FFC2 /* MultiTargetSPMSample.app */ = {isa = PBXFileReference; explicitFileType = wrapper.application; includeInIndex = 0; path = MultiTargetSPMSample.app; sourceTree = BUILT_PRODUCTS_DIR; };
		A8696E70278E99440027FFC2 /* MultiTargetSPMSampleApp.swift */ = {isa = PBXFileReference; lastKnownFileType = sourcecode.swift; path = MultiTargetSPMSampleApp.swift; sourceTree = "<group>"; };
		A8696E72278E99440027FFC2 /* ContentView.swift */ = {isa = PBXFileReference; lastKnownFileType = sourcecode.swift; path = ContentView.swift; sourceTree = "<group>"; };
		A8696E74278E99450027FFC2 /* Assets.xcassets */ = {isa = PBXFileReference; lastKnownFileType = folder.assetcatalog; path = Assets.xcassets; sourceTree = "<group>"; };
		A8696E77278E99450027FFC2 /* Preview Assets.xcassets */ = {isa = PBXFileReference; lastKnownFileType = folder.assetcatalog; path = "Preview Assets.xcassets"; sourceTree = "<group>"; };
		A8696E7E278E9B2A0027FFC2 /* Domain */ = {isa = PBXFileReference; lastKnownFileType = text; path = Domain; sourceTree = SOURCE_ROOT; };
		A8696E7F278EA45E0027FFC2 /* Infra */ = {isa = PBXFileReference; lastKnownFileType = text; path = Infra; sourceTree = SOURCE_ROOT; };
/* End PBXFileReference section */

/* Begin PBXFrameworksBuildPhase section */
		A8696E6A278E99440027FFC2 /* Frameworks */ = {
			isa = PBXFrameworksBuildPhase;
			buildActionMask = 2147483647;
			files = (
				A8566EF127A3A7C400672B73 /* FetchFeature in Frameworks */,
				A8566EF327A3A7C400672B73 /* VisitFeature in Frameworks */,
			);
			runOnlyForDeploymentPostprocessing = 0;
		};
/* End PBXFrameworksBuildPhase section */

/* Begin PBXGroup section */
		A8696E64278E99440027FFC2 = {
			isa = PBXGroup;
			children = (
				A8696E6F278E99440027FFC2 /* MultiTargetSPMSample */,
				A8696E6E278E99440027FFC2 /* Products */,
				A8696E80278EBBEB0027FFC2 /* Frameworks */,
			);
			sourceTree = "<group>";
		};
		A8696E6E278E99440027FFC2 /* Products */ = {
			isa = PBXGroup;
			children = (
				A8696E6D278E99440027FFC2 /* MultiTargetSPMSample.app */,
			);
			name = Products;
			sourceTree = "<group>";
		};
		A8696E6F278E99440027FFC2 /* MultiTargetSPMSample */ = {
			isa = PBXGroup;
			children = (
				A8696E7F278EA45E0027FFC2 /* Infra */,
				A8696E7E278E9B2A0027FFC2 /* Domain */,
				A8696E70278E99440027FFC2 /* MultiTargetSPMSampleApp.swift */,
				A8696E72278E99440027FFC2 /* ContentView.swift */,
				A8682D34278FBF0500FC4988 /* ViewModel.swift */,
				A8696E74278E99450027FFC2 /* Assets.xcassets */,
				A8696E76278E99450027FFC2 /* Preview Content */,
			);
			path = MultiTargetSPMSample;
			sourceTree = "<group>";
		};
		A8696E76278E99450027FFC2 /* Preview Content */ = {
			isa = PBXGroup;
			children = (
				A8696E77278E99450027FFC2 /* Preview Assets.xcassets */,
			);
			path = "Preview Content";
			sourceTree = "<group>";
		};
		A8696E80278EBBEB0027FFC2 /* Frameworks */ = {
			isa = PBXGroup;
			children = (
			);
			name = Frameworks;
			sourceTree = "<group>";
		};
/* End PBXGroup section */

/* Begin PBXNativeTarget section */
		A8696E6C278E99440027FFC2 /* MultiTargetSPMSample */ = {
			isa = PBXNativeTarget;
			buildConfigurationList = A8696E7B278E99450027FFC2 /* Build configuration list for PBXNativeTarget "MultiTargetSPMSample" */;
			buildPhases = (
				A8696E69278E99440027FFC2 /* Sources */,
				A8696E6A278E99440027FFC2 /* Frameworks */,
				A8696E6B278E99440027FFC2 /* Resources */,
			);
			buildRules = (
			);
			dependencies = (
			);
			name = MultiTargetSPMSample;
			packageProductDependencies = (
				A8566EF027A3A7C400672B73 /* FetchFeature */,
				A8566EF227A3A7C400672B73 /* VisitFeature */,
			);
			productName = MultiTargetSPMSample;
			productReference = A8696E6D278E99440027FFC2 /* MultiTargetSPMSample.app */;
			productType = "com.apple.product-type.application";
		};
/* End PBXNativeTarget section */

/* Begin PBXProject section */
		A8696E65278E99440027FFC2 /* Project object */ = {
			isa = PBXProject;
			attributes = {
				BuildIndependentTargetsInParallel = 1;
				LastSwiftUpdateCheck = 1320;
				LastUpgradeCheck = 1320;
				TargetAttributes = {
					A8696E6C278E99440027FFC2 = {
						CreatedOnToolsVersion = 13.2;
					};
				};
			};
			buildConfigurationList = A8696E68278E99440027FFC2 /* Build configuration list for PBXProject "MultiTargetSPMSample" */;
			compatibilityVersion = "Xcode 13.0";
			developmentRegion = en;
			hasScannedForEncodings = 0;
			knownRegions = (
				en,
				Base,
			);
			mainGroup = A8696E64278E99440027FFC2;
			productRefGroup = A8696E6E278E99440027FFC2 /* Products */;
			projectDirPath = "";
			projectRoot = "";
			targets = (
				A8696E6C278E99440027FFC2 /* MultiTargetSPMSample */,
			);
		};
/* End PBXProject section */

/* Begin PBXResourcesBuildPhase section */
		A8696E6B278E99440027FFC2 /* Resources */ = {
			isa = PBXResourcesBuildPhase;
			buildActionMask = 2147483647;
			files = (
				A8696E78278E99450027FFC2 /* Preview Assets.xcassets in Resources */,
				A8696E75278E99450027FFC2 /* Assets.xcassets in Resources */,
			);
			runOnlyForDeploymentPostprocessing = 0;
		};
/* End PBXResourcesBuildPhase section */

/* Begin PBXSourcesBuildPhase section */
		A8696E69278E99440027FFC2 /* Sources */ = {
			isa = PBXSourcesBuildPhase;
			buildActionMask = 2147483647;
			files = (
				A8696E73278E99440027FFC2 /* ContentView.swift in Sources */,
				A8682D35278FBF0500FC4988 /* ViewModel.swift in Sources */,
				A8696E71278E99440027FFC2 /* MultiTargetSPMSampleApp.swift in Sources */,
			);
			runOnlyForDeploymentPostprocessing = 0;
		};
/* End PBXSourcesBuildPhase section */

/* Begin XCBuildConfiguration section */
		A8696E79278E99450027FFC2 /* Debug */ = {
			isa = XCBuildConfiguration;
			buildSettings = {
				ALWAYS_SEARCH_USER_PATHS = NO;
				CLANG_ANALYZER_NONNULL = YES;
				CLANG_ANALYZER_NUMBER_OBJECT_CONVERSION = YES_AGGRESSIVE;
				CLANG_CXX_LANGUAGE_STANDARD = "gnu++17";
				CLANG_CXX_LIBRARY = "libc++";
				CLANG_ENABLE_MODULES = YES;
				CLANG_ENABLE_OBJC_ARC = YES;
				CLANG_ENABLE_OBJC_WEAK = YES;
				CLANG_WARN_BLOCK_CAPTURE_AUTORELEASING = YES;
				CLANG_WARN_BOOL_CONVERSION = YES;
				CLANG_WARN_COMMA = YES;
				CLANG_WARN_CONSTANT_CONVERSION = YES;
				CLANG_WARN_DEPRECATED_OBJC_IMPLEMENTATIONS = YES;
				CLANG_WARN_DIRECT_OBJC_ISA_USAGE = YES_ERROR;
				CLANG_WARN_DOCUMENTATION_COMMENTS = YES;
				CLANG_WARN_EMPTY_BODY = YES;
				CLANG_WARN_ENUM_CONVERSION = YES;
				CLANG_WARN_INFINITE_RECURSION = YES;
				CLANG_WARN_INT_CONVERSION = YES;
				CLANG_WARN_NON_LITERAL_NULL_CONVERSION = YES;
				CLANG_WARN_OBJC_IMPLICIT_RETAIN_SELF = YES;
				CLANG_WARN_OBJC_LITERAL_CONVERSION = YES;
				CLANG_WARN_OBJC_ROOT_CLASS = YES_ERROR;
				CLANG_WARN_QUOTED_INCLUDE_IN_FRAMEWORK_HEADER = YES;
				CLANG_WARN_RANGE_LOOP_ANALYSIS = YES;
				CLANG_WARN_STRICT_PROTOTYPES = YES;
				CLANG_WARN_SUSPICIOUS_MOVE = YES;
				CLANG_WARN_UNGUARDED_AVAILABILITY = YES_AGGRESSIVE;
				CLANG_WARN_UNREACHABLE_CODE = YES;
				CLANG_WARN__DUPLICATE_METHOD_MATCH = YES;
				COPY_PHASE_STRIP = NO;
				DEBUG_INFORMATION_FORMAT = dwarf;
				ENABLE_STRICT_OBJC_MSGSEND = YES;
				ENABLE_TESTABILITY = YES;
				GCC_C_LANGUAGE_STANDARD = gnu11;
				GCC_DYNAMIC_NO_PIC = NO;
				GCC_NO_COMMON_BLOCKS = YES;
				GCC_OPTIMIZATION_LEVEL = 0;
				GCC_PREPROCESSOR_DEFINITIONS = (
					"DEBUG=1",
					"$(inherited)",
				);
				GCC_WARN_64_TO_32_BIT_CONVERSION = YES;
				GCC_WARN_ABOUT_RETURN_TYPE = YES_ERROR;
				GCC_WARN_UNDECLARED_SELECTOR = YES;
				GCC_WARN_UNINITIALIZED_AUTOS = YES_AGGRESSIVE;
				GCC_WARN_UNUSED_FUNCTION = YES;
				GCC_WARN_UNUSED_VARIABLE = YES;
				IPHONEOS_DEPLOYMENT_TARGET = 15.2;
				MTL_ENABLE_DEBUG_INFO = INCLUDE_SOURCE;
				MTL_FAST_MATH = YES;
				ONLY_ACTIVE_ARCH = YES;
				SDKROOT = iphoneos;
				SWIFT_ACTIVE_COMPILATION_CONDITIONS = DEBUG;
				SWIFT_OPTIMIZATION_LEVEL = "-Onone";
			};
			name = Debug;
		};
		A8696E7A278E99450027FFC2 /* Release */ = {
			isa = XCBuildConfiguration;
			buildSettings = {
				ALWAYS_SEARCH_USER_PATHS = NO;
				CLANG_ANALYZER_NONNULL = YES;
				CLANG_ANALYZER_NUMBER_OBJECT_CONVERSION = YES_AGGRESSIVE;
				CLANG_CXX_LANGUAGE_STANDARD = "gnu++17";
				CLANG_CXX_LIBRARY = "libc++";
				CLANG_ENABLE_MODULES = YES;
				CLANG_ENABLE_OBJC_ARC = YES;
				CLANG_ENABLE_OBJC_WEAK = YES;
				CLANG_WARN_BLOCK_CAPTURE_AUTORELEASING = YES;
				CLANG_WARN_BOOL_CONVERSION = YES;
				CLANG_WARN_COMMA = YES;
				CLANG_WARN_CONSTANT_CONVERSION = YES;
				CLANG_WARN_DEPRECATED_OBJC_IMPLEMENTATIONS = YES;
				CLANG_WARN_DIRECT_OBJC_ISA_USAGE = YES_ERROR;
				CLANG_WARN_DOCUMENTATION_COMMENTS = YES;
				CLANG_WARN_EMPTY_BODY = YES;
				CLANG_WARN_ENUM_CONVERSION = YES;
				CLANG_WARN_INFINITE_RECURSION = YES;
				CLANG_WARN_INT_CONVERSION = YES;
				CLANG_WARN_NON_LITERAL_NULL_CONVERSION = YES;
				CLANG_WARN_OBJC_IMPLICIT_RETAIN_SELF = YES;
				CLANG_WARN_OBJC_LITERAL_CONVERSION = YES;
				CLANG_WARN_OBJC_ROOT_CLASS = YES_ERROR;
				CLANG_WARN_QUOTED_INCLUDE_IN_FRAMEWORK_HEADER = YES;
				CLANG_WARN_RANGE_LOOP_ANALYSIS = YES;
				CLANG_WARN_STRICT_PROTOTYPES = YES;
				CLANG_WARN_SUSPICIOUS_MOVE = YES;
				CLANG_WARN_UNGUARDED_AVAILABILITY = YES_AGGRESSIVE;
				CLANG_WARN_UNREACHABLE_CODE = YES;
				CLANG_WARN__DUPLICATE_METHOD_MATCH = YES;
				COPY_PHASE_STRIP = NO;
				DEBUG_INFORMATION_FORMAT = "dwarf-with-dsym";
				ENABLE_NS_ASSERTIONS = NO;
				ENABLE_STRICT_OBJC_MSGSEND = YES;
				GCC_C_LANGUAGE_STANDARD = gnu11;
				GCC_NO_COMMON_BLOCKS = YES;
				GCC_WARN_64_TO_32_BIT_CONVERSION = YES;
				GCC_WARN_ABOUT_RETURN_TYPE = YES_ERROR;
				GCC_WARN_UNDECLARED_SELECTOR = YES;
				GCC_WARN_UNINITIALIZED_AUTOS = YES_AGGRESSIVE;
				GCC_WARN_UNUSED_FUNCTION = YES;
				GCC_WARN_UNUSED_VARIABLE = YES;
				IPHONEOS_DEPLOYMENT_TARGET = 15.2;
				MTL_ENABLE_DEBUG_INFO = NO;
				MTL_FAST_MATH = YES;
				SDKROOT = iphoneos;
				SWIFT_COMPILATION_MODE = wholemodule;
				SWIFT_OPTIMIZATION_LEVEL = "-O";
				VALIDATE_PRODUCT = YES;
			};
			name = Release;
		};
		A8696E7C278E99450027FFC2 /* Debug */ = {
			isa = XCBuildConfiguration;
			buildSettings = {
				ASSETCATALOG_COMPILER_APPICON_NAME = AppIcon;
				ASSETCATALOG_COMPILER_GLOBAL_ACCENT_COLOR_NAME = AccentColor;
				CODE_SIGN_STYLE = Automatic;
				CURRENT_PROJECT_VERSION = 1;
				DEVELOPMENT_ASSET_PATHS = "\"MultiTargetSPMSample/Preview Content\"";
				DEVELOPMENT_TEAM = VSQNCLF8F9;
				ENABLE_PREVIEWS = YES;
				GENERATE_INFOPLIST_FILE = YES;
				INFOPLIST_KEY_UIApplicationSceneManifest_Generation = YES;
				INFOPLIST_KEY_UIApplicationSupportsIndirectInputEvents = YES;
				INFOPLIST_KEY_UILaunchScreen_Generation = YES;
				INFOPLIST_KEY_UISupportedInterfaceOrientations_iPad = "UIInterfaceOrientationPortrait UIInterfaceOrientationPortraitUpsideDown UIInterfaceOrientationLandscapeLeft UIInterfaceOrientationLandscapeRight";
				INFOPLIST_KEY_UISupportedInterfaceOrientations_iPhone = "UIInterfaceOrientationPortrait UIInterfaceOrientationLandscapeLeft UIInterfaceOrientationLandscapeRight";
				LD_RUNPATH_SEARCH_PATHS = (
					"$(inherited)",
					"@executable_path/Frameworks",
				);
				MARKETING_VERSION = 1.0;
				PRODUCT_BUNDLE_IDENTIFIER = biz.usk.MultiTargetSPMSample;
				PRODUCT_NAME = "$(TARGET_NAME)";
				SWIFT_EMIT_LOC_STRINGS = YES;
				SWIFT_VERSION = 5.0;
				TARGETED_DEVICE_FAMILY = "1,2";
			};
			name = Debug;
		};
		A8696E7D278E99450027FFC2 /* Release */ = {
			isa = XCBuildConfiguration;
			buildSettings = {
				ASSETCATALOG_COMPILER_APPICON_NAME = AppIcon;
				ASSETCATALOG_COMPILER_GLOBAL_ACCENT_COLOR_NAME = AccentColor;
				CODE_SIGN_STYLE = Automatic;
				CURRENT_PROJECT_VERSION = 1;
				DEVELOPMENT_ASSET_PATHS = "\"MultiTargetSPMSample/Preview Content\"";
				DEVELOPMENT_TEAM = VSQNCLF8F9;
				ENABLE_PREVIEWS = YES;
				GENERATE_INFOPLIST_FILE = YES;
				INFOPLIST_KEY_UIApplicationSceneManifest_Generation = YES;
				INFOPLIST_KEY_UIApplicationSupportsIndirectInputEvents = YES;
				INFOPLIST_KEY_UILaunchScreen_Generation = YES;
				INFOPLIST_KEY_UISupportedInterfaceOrientations_iPad = "UIInterfaceOrientationPortrait UIInterfaceOrientationPortraitUpsideDown UIInterfaceOrientationLandscapeLeft UIInterfaceOrientationLandscapeRight";
				INFOPLIST_KEY_UISupportedInterfaceOrientations_iPhone = "UIInterfaceOrientationPortrait UIInterfaceOrientationLandscapeLeft UIInterfaceOrientationLandscapeRight";
				LD_RUNPATH_SEARCH_PATHS = (
					"$(inherited)",
					"@executable_path/Frameworks",
				);
				MARKETING_VERSION = 1.0;
				PRODUCT_BUNDLE_IDENTIFIER = biz.usk.MultiTargetSPMSample;
				PRODUCT_NAME = "$(TARGET_NAME)";
				SWIFT_EMIT_LOC_STRINGS = YES;
				SWIFT_VERSION = 5.0;
				TARGETED_DEVICE_FAMILY = "1,2";
			};
			name = Release;
		};
/* End XCBuildConfiguration section */

/* Begin XCConfigurationList section */
		A8696E68278E99440027FFC2 /* Build configuration list for PBXProject "MultiTargetSPMSample" */ = {
			isa = XCConfigurationList;
			buildConfigurations = (
				A8696E79278E99450027FFC2 /* Debug */,
				A8696E7A278E99450027FFC2 /* Release */,
			);
			defaultConfigurationIsVisible = 0;
			defaultConfigurationName = Release;
		};
		A8696E7B278E99450027FFC2 /* Build configuration list for PBXNativeTarget "MultiTargetSPMSample" */ = {
			isa = XCConfigurationList;
			buildConfigurations = (
				A8696E7C278E99450027FFC2 /* Debug */,
				A8696E7D278E99450027FFC2 /* Release */,
			);
			defaultConfigurationIsVisible = 0;
			defaultConfigurationName = Release;
		};
/* End XCConfigurationList section */

/* Begin XCSwiftPackageProductDependency section */
		A8566EF027A3A7C400672B73 /* FetchFeature */ = {
			isa = XCSwiftPackageProductDependency;
			productName = FetchFeature;
		};
		A8566EF227A3A7C400672B73 /* VisitFeature */ = {
			isa = XCSwiftPackageProductDependency;
			productName = VisitFeature;
		};
/* End XCSwiftPackageProductDependency section */
	};
	rootObject = A8696E65278E99440027FFC2 /* Project object */;
}
